
Microsoft Visual Studio Solution File, Format Version 12.00
# Visual Studio Version 17
VisualStudioVersion = 17.0.31903.59
MinimumVisualStudioVersion = 10.0.40219.1
Project("{FAE04EC0-301F-11D3-BF4B-00C04F79EFBC}") = "ProductSale.Business", "ProductSale.Business\ProductSale.Business.csproj", "{45BA2F05-C1BF-4206-AFAF-A6F1C5690C54}"
EndProject
Project("{FAE04EC0-301F-11D3-BF4B-00C04F79EFBC}") = "ProductSale.Repository", "ProductSale.Repository\ProductSale.Repository.csproj", "{5ABDE972-BC11-468A-8838-05C35B67B1DD}"
EndProject
Project("{FAE04EC0-301F-11D3-BF4B-00C04F79EFBC}") = "ProductSale.API", "ProductSale.API\ProductSale.API.csproj", "{69B603BD-7BEC-4AC4-B0B9-9FBB157E532E}"
EndProject
Global
	GlobalSection(SolutionConfigurationPlatforms) = preSolution
		Debug|Any CPU = Debug|Any CPU
		Release|Any CPU = Release|Any CPU
	EndGlobalSection
	GlobalSection(ProjectConfigurationPlatforms) = postSolution
		{45BA2F05-C1BF-4206-AFAF-A6F1C5690C54}.Debug|Any CPU.ActiveCfg = Debug|Any CPU
		{45BA2F05-C1BF-4206-AFAF-A6F1C5690C54}.Debug|Any CPU.Build.0 = Debug|Any CPU
		{45BA2F05-C1BF-4206-AFAF-A6F1C5690C54}.Release|Any CPU.ActiveCfg = Release|Any CPU
		{45BA2F05-C1BF-4206-AFAF-A6F1C5690C54}.Release|Any CPU.Build.0 = Release|Any CPU
		{5ABDE972-BC11-468A-8838-05C35B67B1DD}.Debug|Any CPU.ActiveCfg = Debug|Any CPU
		{5ABDE972-BC11-468A-8838-05C35B67B1DD}.Debug|Any CPU.Build.0 = Debug|Any CPU
		{5ABDE972-BC11-468A-8838-05C35B67B1DD}.Release|Any CPU.ActiveCfg = Release|Any CPU
		{5ABDE972-BC11-468A-8838-05C35B67B1DD}.Release|Any CPU.Build.0 = Release|Any CPU
		{69B603BD-7BEC-4AC4-B0B9-9FBB157E532E}.Debug|Any CPU.ActiveCfg = Debug|Any CPU
		{69B603BD-7BEC-4AC4-B0B9-9FBB157E532E}.Debug|Any CPU.Build.0 = Debug|Any CPU
		{69B603BD-7BEC-4AC4-B0B9-9FBB157E532E}.Release|Any CPU.ActiveCfg = Release|Any CPU
		{69B603BD-7BEC-4AC4-B0B9-9FBB157E532E}.Release|Any CPU.Build.0 = Release|Any CPU
	EndGlobalSection
	GlobalSection(SolutionProperties) = preSolution
		HideSolutionNode = FALSE
	EndGlobalSection
EndGlobal
